
Microsoft Visual Studio Solution File, Format Version 12.00
# Visual Studio Version 17
VisualStudioVersion = 17.6.33829.357
MinimumVisualStudioVersion = 10.0.40219.1
Project("{FAE04EC0-301F-11D3-BF4B-00C04F79EFBC}") = "App2.Android", "App2.Android\App2.Android.csproj", "{4933F71D-06E1-4082-AA5B-8FAA3F5864B9}"
EndProject
Project("{FAE04EC0-301F-11D3-BF4B-00C04F79EFBC}") = "App2", "App2\App2.csproj", "{DC09E256-C8A0-406F-AA10-00CAD0238084}"
EndProject
Global
	GlobalSection(SolutionConfigurationPlatforms) = preSolution
		Debug|Any CPU = Debug|Any CPU
		Release|Any CPU = Release|Any CPU
	EndGlobalSection
	GlobalSection(ProjectConfigurationPlatforms) = postSolution
		{4933F71D-06E1-4082-AA5B-8FAA3F5864B9}.Debug|Any CPU.ActiveCfg = Debug|Any CPU
		{4933F71D-06E1-4082-AA5B-8FAA3F5864B9}.Debug|Any CPU.Build.0 = Debug|Any CPU
		{4933F71D-06E1-4082-AA5B-8FAA3F5864B9}.Debug|Any CPU.Deploy.0 = Debug|Any CPU
		{4933F71D-06E1-4082-AA5B-8FAA3F5864B9}.Release|Any CPU.ActiveCfg = Release|Any CPU
		{4933F71D-06E1-4082-AA5B-8FAA3F5864B9}.Release|Any CPU.Build.0 = Release|Any CPU
		{4933F71D-06E1-4082-AA5B-8FAA3F5864B9}.Release|Any CPU.Deploy.0 = Release|Any CPU
		{DC09E256-C8A0-406F-AA10-00CAD0238084}.Debug|Any CPU.ActiveCfg = Debug|Any CPU
		{DC09E256-C8A0-406F-AA10-00CAD0238084}.Debug|Any CPU.Build.0 = Debug|Any CPU
		{DC09E256-C8A0-406F-AA10-00CAD0238084}.Debug|Any CPU.Deploy.0 = Debug|Any CPU
		{DC09E256-C8A0-406F-AA10-00CAD0238084}.Release|Any CPU.ActiveCfg = Release|Any CPU
		{DC09E256-C8A0-406F-AA10-00CAD0238084}.Release|Any CPU.Build.0 = Release|Any CPU
		{DC09E256-C8A0-406F-AA10-00CAD0238084}.Release|Any CPU.Deploy.0 = Release|Any CPU
	EndGlobalSection
	GlobalSection(SolutionProperties) = preSolution
		HideSolutionNode = FALSE
	EndGlobalSection
	GlobalSection(ExtensibilityGlobals) = postSolution
		SolutionGuid = {6A4FB197-90C3-4E5E-940B-A87EBE9651BE}
	EndGlobalSection
EndGlobal
